
Microsoft Visual Studio Solution File, Format Version 10.00
# Visual Studio 2008
Project("{8BC9CEB8-8B4A-11D0-8D11-00A0C91BC942}") = "RNDRCTMT", "RNDRCTMT\RNDRCTMT.vcproj", "{7172E5CC-169D-4FE4-97F6-B9F06033ECAA}"
EndProject
Project("{8BC9CEB8-8B4A-11D0-8D11-00A0C91BC942}") = "MULTI1", "MULTI1\MULTI1.vcproj", "{0D925ECC-08E6-44AD-82C1-C03F89A15E2D}"
EndProject
Project("{8BC9CEB8-8B4A-11D0-8D11-00A0C91BC942}") = "MULTI2", "MULTI2\MULTI2.vcproj", "{89F13D5F-34ED-486B-B017-C540867CB0E3}"
EndProject
Project("{8BC9CEB8-8B4A-11D0-8D11-00A0C91BC942}") = "BIGJOB1", "BIGJOB1\BIGJOB1.vcproj", "{78A67B26-AA67-43A5-AEE9-880C87D9EB8A}"
EndProject
Project("{8BC9CEB8-8B4A-11D0-8D11-00A0C91BC942}") = "BIGJOB2", "BIGJOB2\BIGJOB2.vcproj", "{5B7DA65C-A91F-40A4-929E-A2C6323B5FBD}"
EndProject
Project("{8BC9CEB8-8B4A-11D0-8D11-00A0C91BC942}") = "MULTI3", "MULTI3\MULTI3.vcproj", "{DE1E53F8-D0A5-4436-A357-EDEA3D4B33E6}"
EndProject
Global
	GlobalSection(SolutionConfigurationPlatforms) = preSolution
		Debug|Win32 = Debug|Win32
		Release|Win32 = Release|Win32
	EndGlobalSection
	GlobalSection(ProjectConfigurationPlatforms) = postSolution
		{7172E5CC-169D-4FE4-97F6-B9F06033ECAA}.Debug|Win32.ActiveCfg = Debug|Win32
		{7172E5CC-169D-4FE4-97F6-B9F06033ECAA}.Debug|Win32.Build.0 = Debug|Win32
		{7172E5CC-169D-4FE4-97F6-B9F06033ECAA}.Release|Win32.ActiveCfg = Release|Win32
		{7172E5CC-169D-4FE4-97F6-B9F06033ECAA}.Release|Win32.Build.0 = Release|Win32
		{0D925ECC-08E6-44AD-82C1-C03F89A15E2D}.Debug|Win32.ActiveCfg = Debug|Win32
		{0D925ECC-08E6-44AD-82C1-C03F89A15E2D}.Debug|Win32.Build.0 = Debug|Win32
		{0D925ECC-08E6-44AD-82C1-C03F89A15E2D}.Release|Win32.ActiveCfg = Release|Win32
		{0D925ECC-08E6-44AD-82C1-C03F89A15E2D}.Release|Win32.Build.0 = Release|Win32
		{89F13D5F-34ED-486B-B017-C540867CB0E3}.Debug|Win32.ActiveCfg = Debug|Win32
		{89F13D5F-34ED-486B-B017-C540867CB0E3}.Debug|Win32.Build.0 = Debug|Win32
		{89F13D5F-34ED-486B-B017-C540867CB0E3}.Release|Win32.ActiveCfg = Release|Win32
		{89F13D5F-34ED-486B-B017-C540867CB0E3}.Release|Win32.Build.0 = Release|Win32
		{78A67B26-AA67-43A5-AEE9-880C87D9EB8A}.Debug|Win32.ActiveCfg = Debug|Win32
		{78A67B26-AA67-43A5-AEE9-880C87D9EB8A}.Debug|Win32.Build.0 = Debug|Win32
		{78A67B26-AA67-43A5-AEE9-880C87D9EB8A}.Release|Win32.ActiveCfg = Release|Win32
		{78A67B26-AA67-43A5-AEE9-880C87D9EB8A}.Release|Win32.Build.0 = Release|Win32
		{5B7DA65C-A91F-40A4-929E-A2C6323B5FBD}.Debug|Win32.ActiveCfg = Debug|Win32
		{5B7DA65C-A91F-40A4-929E-A2C6323B5FBD}.Debug|Win32.Build.0 = Debug|Win32
		{5B7DA65C-A91F-40A4-929E-A2C6323B5FBD}.Release|Win32.ActiveCfg = Release|Win32
		{5B7DA65C-A91F-40A4-929E-A2C6323B5FBD}.Release|Win32.Build.0 = Release|Win32
		{DE1E53F8-D0A5-4436-A357-EDEA3D4B33E6}.Debug|Win32.ActiveCfg = Debug|Win32
		{DE1E53F8-D0A5-4436-A357-EDEA3D4B33E6}.Debug|Win32.Build.0 = Debug|Win32
		{DE1E53F8-D0A5-4436-A357-EDEA3D4B33E6}.Release|Win32.ActiveCfg = Release|Win32
		{DE1E53F8-D0A5-4436-A357-EDEA3D4B33E6}.Release|Win32.Build.0 = Release|Win32
	EndGlobalSection
	GlobalSection(SolutionProperties) = preSolution
		HideSolutionNode = FALSE
	EndGlobalSection
EndGlobal
