
Microsoft Visual Studio Solution File, Format Version 10.00
# Visual Studio 2008
Project("{8BC9CEB8-8B4A-11D0-8D11-00A0C91BC942}") = "DEVCAPS1", "Chpater 5.vcproj", "{EE79BBB2-1A0E-4694-873E-D3B56D7574B6}"
EndProject
Project("{8BC9CEB8-8B4A-11D0-8D11-00A0C91BC942}") = "SINEWAVE", "..\SINEWAVE\SINEWAVE.vcproj", "{C2F0D9AF-E45A-406D-98A1-E168272D6330}"
EndProject
Project("{8BC9CEB8-8B4A-11D0-8D11-00A0C91BC942}") = "LINEDEMO", "..\LINEDEMO\LINEDEMO.vcproj", "{B83A2E0A-9E3A-48D9-8D38-99D723A0DBA5}"
EndProject
Project("{8BC9CEB8-8B4A-11D0-8D11-00A0C91BC942}") = "BEZIER", "..\BEZIER\BEZIER.vcproj", "{84415F76-0621-4F78-95AE-6E20D1D5650A}"
EndProject
Project("{8BC9CEB8-8B4A-11D0-8D11-00A0C91BC942}") = "WHATSIZE", "..\WHATSIZE\WHATSIZE.vcproj", "{4DF1F5A2-344F-44EE-A921-66CB3F59E2A0}"
EndProject
Project("{8BC9CEB8-8B4A-11D0-8D11-00A0C91BC942}") = "ALTWIND", "..\ALTWIND\ALTWIND.vcproj", "{032C2AE1-E5B5-4B20-B4E5-AF567A66FA4F}"
EndProject
Global
	GlobalSection(SolutionConfigurationPlatforms) = preSolution
		Debug|Win32 = Debug|Win32
		Release|Win32 = Release|Win32
	EndGlobalSection
	GlobalSection(ProjectConfigurationPlatforms) = postSolution
		{EE79BBB2-1A0E-4694-873E-D3B56D7574B6}.Debug|Win32.ActiveCfg = Debug|Win32
		{EE79BBB2-1A0E-4694-873E-D3B56D7574B6}.Debug|Win32.Build.0 = Debug|Win32
		{EE79BBB2-1A0E-4694-873E-D3B56D7574B6}.Release|Win32.ActiveCfg = Release|Win32
		{EE79BBB2-1A0E-4694-873E-D3B56D7574B6}.Release|Win32.Build.0 = Release|Win32
		{C2F0D9AF-E45A-406D-98A1-E168272D6330}.Debug|Win32.ActiveCfg = Debug|Win32
		{C2F0D9AF-E45A-406D-98A1-E168272D6330}.Debug|Win32.Build.0 = Debug|Win32
		{C2F0D9AF-E45A-406D-98A1-E168272D6330}.Release|Win32.ActiveCfg = Release|Win32
		{C2F0D9AF-E45A-406D-98A1-E168272D6330}.Release|Win32.Build.0 = Release|Win32
		{B83A2E0A-9E3A-48D9-8D38-99D723A0DBA5}.Debug|Win32.ActiveCfg = Debug|Win32
		{B83A2E0A-9E3A-48D9-8D38-99D723A0DBA5}.Debug|Win32.Build.0 = Debug|Win32
		{B83A2E0A-9E3A-48D9-8D38-99D723A0DBA5}.Release|Win32.ActiveCfg = Release|Win32
		{B83A2E0A-9E3A-48D9-8D38-99D723A0DBA5}.Release|Win32.Build.0 = Release|Win32
		{84415F76-0621-4F78-95AE-6E20D1D5650A}.Debug|Win32.ActiveCfg = Debug|Win32
		{84415F76-0621-4F78-95AE-6E20D1D5650A}.Debug|Win32.Build.0 = Debug|Win32
		{84415F76-0621-4F78-95AE-6E20D1D5650A}.Release|Win32.ActiveCfg = Release|Win32
		{84415F76-0621-4F78-95AE-6E20D1D5650A}.Release|Win32.Build.0 = Release|Win32
		{4DF1F5A2-344F-44EE-A921-66CB3F59E2A0}.Debug|Win32.ActiveCfg = Debug|Win32
		{4DF1F5A2-344F-44EE-A921-66CB3F59E2A0}.Debug|Win32.Build.0 = Debug|Win32
		{4DF1F5A2-344F-44EE-A921-66CB3F59E2A0}.Release|Win32.ActiveCfg = Release|Win32
		{4DF1F5A2-344F-44EE-A921-66CB3F59E2A0}.Release|Win32.Build.0 = Release|Win32
		{032C2AE1-E5B5-4B20-B4E5-AF567A66FA4F}.Debug|Win32.ActiveCfg = Debug|Win32
		{032C2AE1-E5B5-4B20-B4E5-AF567A66FA4F}.Debug|Win32.Build.0 = Debug|Win32
		{032C2AE1-E5B5-4B20-B4E5-AF567A66FA4F}.Release|Win32.ActiveCfg = Release|Win32
		{032C2AE1-E5B5-4B20-B4E5-AF567A66FA4F}.Release|Win32.Build.0 = Release|Win32
	EndGlobalSection
	GlobalSection(SolutionProperties) = preSolution
		HideSolutionNode = FALSE
	EndGlobalSection
EndGlobal
