
Microsoft Visual Studio Solution File, Format Version 10.00
# Visual Studio 2008
Project("{8BC9CEB8-8B4A-11D0-8D11-00A0C91BC942}") = "Chapter 7", "Chapter 7.vcproj", "{B0892BD9-6D6A-4305-BDF3-FDE7EC8B453D}"
EndProject
Global
	GlobalSection(SolutionConfigurationPlatforms) = preSolution
		Debug|Win32 = Debug|Win32
		Release|Win32 = Release|Win32
	EndGlobalSection
	GlobalSection(ProjectConfigurationPlatforms) = postSolution
		{B0892BD9-6D6A-4305-BDF3-FDE7EC8B453D}.Debug|Win32.ActiveCfg = Debug|Win32
		{B0892BD9-6D6A-4305-BDF3-FDE7EC8B453D}.Debug|Win32.Build.0 = Debug|Win32
		{B0892BD9-6D6A-4305-BDF3-FDE7EC8B453D}.Release|Win32.ActiveCfg = Release|Win32
		{B0892BD9-6D6A-4305-BDF3-FDE7EC8B453D}.Release|Win32.Build.0 = Release|Win32
	EndGlobalSection
	GlobalSection(SolutionProperties) = preSolution
		HideSolutionNode = FALSE
	EndGlobalSection
EndGlobal
