
Microsoft Visual Studio Solution File, Format Version 10.00
# Visual Studio 2008
Project("{8BC9CEB8-8B4A-11D0-8D11-00A0C91BC942}") = "ICONDEMO", "ICONDEMO\ICONDEMO.vcproj", "{BF087B79-7564-4D10-8092-04CE54835F2D}"
EndProject
Project("{8BC9CEB8-8B4A-11D0-8D11-00A0C91BC942}") = "POEPOEM", "POEPOEM\POEPOEM.vcproj", "{3FDA97EB-6884-4080-BF32-022974FFBB25}"
EndProject
Project("{8BC9CEB8-8B4A-11D0-8D11-00A0C91BC942}") = "MENUDEMO", "MENUDEMO\MENUDEMO.vcproj", "{81F89BF7-8219-4463-BAE2-E85490CC6314}"
EndProject
Project("{8BC9CEB8-8B4A-11D0-8D11-00A0C91BC942}") = "POPMENU", "POPMENU\POPMENU.vcproj", "{6E12FA30-BBD8-4133-92B0-EB525660A285}"
EndProject
Project("{8BC9CEB8-8B4A-11D0-8D11-00A0C91BC942}") = "POORMENU", "POORMENU\POORMENU.vcproj", "{35EA7AFA-E566-4629-B026-4AFBCA90428C}"
EndProject
Project("{8BC9CEB8-8B4A-11D0-8D11-00A0C91BC942}") = "NOPOPUPS", "NOPOPUPS\NOPOPUPS.vcproj", "{6242BC88-223C-4B27-8B34-A209CD963A02}"
EndProject
Project("{8BC9CEB8-8B4A-11D0-8D11-00A0C91BC942}") = "POPPAD2", "POPPAD2\POPPAD2.vcproj", "{2BD5F1B1-3715-46CC-B32B-E1E063F33435}"
EndProject
Global
	GlobalSection(SolutionConfigurationPlatforms) = preSolution
		Debug|Win32 = Debug|Win32
		Release|Win32 = Release|Win32
	EndGlobalSection
	GlobalSection(ProjectConfigurationPlatforms) = postSolution
		{BF087B79-7564-4D10-8092-04CE54835F2D}.Debug|Win32.ActiveCfg = Debug|Win32
		{BF087B79-7564-4D10-8092-04CE54835F2D}.Debug|Win32.Build.0 = Debug|Win32
		{BF087B79-7564-4D10-8092-04CE54835F2D}.Release|Win32.ActiveCfg = Release|Win32
		{BF087B79-7564-4D10-8092-04CE54835F2D}.Release|Win32.Build.0 = Release|Win32
		{3FDA97EB-6884-4080-BF32-022974FFBB25}.Debug|Win32.ActiveCfg = Debug|Win32
		{3FDA97EB-6884-4080-BF32-022974FFBB25}.Debug|Win32.Build.0 = Debug|Win32
		{3FDA97EB-6884-4080-BF32-022974FFBB25}.Release|Win32.ActiveCfg = Release|Win32
		{3FDA97EB-6884-4080-BF32-022974FFBB25}.Release|Win32.Build.0 = Release|Win32
		{81F89BF7-8219-4463-BAE2-E85490CC6314}.Debug|Win32.ActiveCfg = Debug|Win32
		{81F89BF7-8219-4463-BAE2-E85490CC6314}.Debug|Win32.Build.0 = Debug|Win32
		{81F89BF7-8219-4463-BAE2-E85490CC6314}.Release|Win32.ActiveCfg = Release|Win32
		{81F89BF7-8219-4463-BAE2-E85490CC6314}.Release|Win32.Build.0 = Release|Win32
		{6E12FA30-BBD8-4133-92B0-EB525660A285}.Debug|Win32.ActiveCfg = Debug|Win32
		{6E12FA30-BBD8-4133-92B0-EB525660A285}.Debug|Win32.Build.0 = Debug|Win32
		{6E12FA30-BBD8-4133-92B0-EB525660A285}.Release|Win32.ActiveCfg = Release|Win32
		{6E12FA30-BBD8-4133-92B0-EB525660A285}.Release|Win32.Build.0 = Release|Win32
		{35EA7AFA-E566-4629-B026-4AFBCA90428C}.Debug|Win32.ActiveCfg = Debug|Win32
		{35EA7AFA-E566-4629-B026-4AFBCA90428C}.Debug|Win32.Build.0 = Debug|Win32
		{35EA7AFA-E566-4629-B026-4AFBCA90428C}.Release|Win32.ActiveCfg = Release|Win32
		{35EA7AFA-E566-4629-B026-4AFBCA90428C}.Release|Win32.Build.0 = Release|Win32
		{6242BC88-223C-4B27-8B34-A209CD963A02}.Debug|Win32.ActiveCfg = Debug|Win32
		{6242BC88-223C-4B27-8B34-A209CD963A02}.Debug|Win32.Build.0 = Debug|Win32
		{6242BC88-223C-4B27-8B34-A209CD963A02}.Release|Win32.ActiveCfg = Release|Win32
		{6242BC88-223C-4B27-8B34-A209CD963A02}.Release|Win32.Build.0 = Release|Win32
		{2BD5F1B1-3715-46CC-B32B-E1E063F33435}.Debug|Win32.ActiveCfg = Debug|Win32
		{2BD5F1B1-3715-46CC-B32B-E1E063F33435}.Debug|Win32.Build.0 = Debug|Win32
		{2BD5F1B1-3715-46CC-B32B-E1E063F33435}.Release|Win32.ActiveCfg = Release|Win32
		{2BD5F1B1-3715-46CC-B32B-E1E063F33435}.Release|Win32.Build.0 = Release|Win32
	EndGlobalSection
	GlobalSection(SolutionProperties) = preSolution
		HideSolutionNode = FALSE
	EndGlobalSection
EndGlobal
