
Microsoft Visual Studio Solution File, Format Version 10.00
# Visual Studio 2008
Project("{8BC9CEB8-8B4A-11D0-8D11-00A0C91BC942}") = "ICONDEMO", "ICONDEMO\ICONDEMO.vcproj", "{BF087B79-7564-4D10-8092-04CE54835F2D}"
EndProject
Project("{8BC9CEB8-8B4A-11D0-8D11-00A0C91BC942}") = "POEPOEM", "POEPOEM\POEPOEM.vcproj", "{3FDA97EB-6884-4080-BF32-022974FFBB25}"
EndProject
Project("{8BC9CEB8-8B4A-11D0-8D11-00A0C91BC942}") = "MENUDEMO", "MENUDEMO\MENUDEMO.vcproj", "{E8DB6BA2-3928-4D74-8127-08A1B980C718}"
EndProject
Global
	GlobalSection(SolutionConfigurationPlatforms) = preSolution
		Debug|Win32 = Debug|Win32
		Release|Win32 = Release|Win32
	EndGlobalSection
	GlobalSection(ProjectConfigurationPlatforms) = postSolution
		{BF087B79-7564-4D10-8092-04CE54835F2D}.Debug|Win32.ActiveCfg = Debug|Win32
		{BF087B79-7564-4D10-8092-04CE54835F2D}.Debug|Win32.Build.0 = Debug|Win32
		{BF087B79-7564-4D10-8092-04CE54835F2D}.Release|Win32.ActiveCfg = Release|Win32
		{BF087B79-7564-4D10-8092-04CE54835F2D}.Release|Win32.Build.0 = Release|Win32
		{3FDA97EB-6884-4080-BF32-022974FFBB25}.Debug|Win32.ActiveCfg = Debug|Win32
		{3FDA97EB-6884-4080-BF32-022974FFBB25}.Debug|Win32.Build.0 = Debug|Win32
		{3FDA97EB-6884-4080-BF32-022974FFBB25}.Release|Win32.ActiveCfg = Release|Win32
		{3FDA97EB-6884-4080-BF32-022974FFBB25}.Release|Win32.Build.0 = Release|Win32
		{E8DB6BA2-3928-4D74-8127-08A1B980C718}.Debug|Win32.ActiveCfg = Debug|Win32
		{E8DB6BA2-3928-4D74-8127-08A1B980C718}.Debug|Win32.Build.0 = Debug|Win32
		{E8DB6BA2-3928-4D74-8127-08A1B980C718}.Release|Win32.ActiveCfg = Release|Win32
		{E8DB6BA2-3928-4D74-8127-08A1B980C718}.Release|Win32.Build.0 = Release|Win32
	EndGlobalSection
	GlobalSection(SolutionProperties) = preSolution
		HideSolutionNode = FALSE
	EndGlobalSection
EndGlobal
