
Microsoft Visual Studio Solution File, Format Version 10.00
# Visual Studio 2008
Project("{8BC9CEB8-8B4A-11D0-8D11-00A0C91BC942}") = "GRAYS1", "GRAYS1\GRAYS1.vcproj", "{E2DA8E33-F7C2-46CC-81A3-1D92BABC4345}"
EndProject
Project("{8BC9CEB8-8B4A-11D0-8D11-00A0C91BC942}") = "GRAYS2", "GRAYS2\GRAYS2.vcproj", "{5050774F-3E5E-4CF4-B59B-202ED8446DD0}"
EndProject
Project("{8BC9CEB8-8B4A-11D0-8D11-00A0C91BC942}") = "GRAYS3", "GRAYS3\GRAYS3.vcproj", "{0A63CA60-7A2F-44BD-8CE1-2281A76353FA}"
EndProject
Project("{8BC9CEB8-8B4A-11D0-8D11-00A0C91BC942}") = "SYSPAL1", "SYSPAL1\SYSPAL1.vcproj", "{B80328D1-D8D1-4AE5-943D-C53B8791FA77}"
EndProject
Project("{8BC9CEB8-8B4A-11D0-8D11-00A0C91BC942}") = "SYSPAL2", "SYSPAL2\SYSPAL2.vcproj", "{10280745-72D0-4334-8EF6-0157D3F70158}"
EndProject
Project("{8BC9CEB8-8B4A-11D0-8D11-00A0C91BC942}") = "SYSPAL3", "SYSPAL3\SYSPAL3.vcproj", "{8B0BAFC0-2D42-408E-9715-1EB78DA71166}"
EndProject
Project("{8BC9CEB8-8B4A-11D0-8D11-00A0C91BC942}") = "PALANIM", "PALANIM\PALANIM.vcproj", "{F23F9171-B9FC-40B8-ADC1-D742B18083C5}"
EndProject
Project("{8BC9CEB8-8B4A-11D0-8D11-00A0C91BC942}") = "PACKEDIB", "PACKEDIB\PACKEDIB.vcproj", "{777B3F45-C3C6-4F3B-957A-634F2CF8DB6C}"
EndProject
Project("{8BC9CEB8-8B4A-11D0-8D11-00A0C91BC942}") = "SHOWDIB3", "SHOWDIB3\SHOWDIB3.vcproj", "{9D48FEF7-EC3C-4938-A6E8-A6EA7002F6FB}"
EndProject
Project("{8BC9CEB8-8B4A-11D0-8D11-00A0C91BC942}") = "SHOWDIB4", "SHOWDIB4\SHOWDIB4.vcproj", "{A80C07E0-FC5A-4D2F-A980-2DB3816A11F0}"
EndProject
Project("{8BC9CEB8-8B4A-11D0-8D11-00A0C91BC942}") = "SHOWDIB5", "SHOWDIB5\SHOWDIB5.vcproj", "{13486F41-8F83-4916-9092-AB96A4542B1A}"
EndProject
Global
	GlobalSection(SolutionConfigurationPlatforms) = preSolution
		Debug|Win32 = Debug|Win32
		Release|Win32 = Release|Win32
	EndGlobalSection
	GlobalSection(ProjectConfigurationPlatforms) = postSolution
		{E2DA8E33-F7C2-46CC-81A3-1D92BABC4345}.Debug|Win32.ActiveCfg = Debug|Win32
		{E2DA8E33-F7C2-46CC-81A3-1D92BABC4345}.Debug|Win32.Build.0 = Debug|Win32
		{E2DA8E33-F7C2-46CC-81A3-1D92BABC4345}.Release|Win32.ActiveCfg = Release|Win32
		{E2DA8E33-F7C2-46CC-81A3-1D92BABC4345}.Release|Win32.Build.0 = Release|Win32
		{5050774F-3E5E-4CF4-B59B-202ED8446DD0}.Debug|Win32.ActiveCfg = Debug|Win32
		{5050774F-3E5E-4CF4-B59B-202ED8446DD0}.Debug|Win32.Build.0 = Debug|Win32
		{5050774F-3E5E-4CF4-B59B-202ED8446DD0}.Release|Win32.ActiveCfg = Release|Win32
		{5050774F-3E5E-4CF4-B59B-202ED8446DD0}.Release|Win32.Build.0 = Release|Win32
		{0A63CA60-7A2F-44BD-8CE1-2281A76353FA}.Debug|Win32.ActiveCfg = Debug|Win32
		{0A63CA60-7A2F-44BD-8CE1-2281A76353FA}.Debug|Win32.Build.0 = Debug|Win32
		{0A63CA60-7A2F-44BD-8CE1-2281A76353FA}.Release|Win32.ActiveCfg = Release|Win32
		{0A63CA60-7A2F-44BD-8CE1-2281A76353FA}.Release|Win32.Build.0 = Release|Win32
		{B80328D1-D8D1-4AE5-943D-C53B8791FA77}.Debug|Win32.ActiveCfg = Debug|Win32
		{B80328D1-D8D1-4AE5-943D-C53B8791FA77}.Debug|Win32.Build.0 = Debug|Win32
		{B80328D1-D8D1-4AE5-943D-C53B8791FA77}.Release|Win32.ActiveCfg = Release|Win32
		{B80328D1-D8D1-4AE5-943D-C53B8791FA77}.Release|Win32.Build.0 = Release|Win32
		{10280745-72D0-4334-8EF6-0157D3F70158}.Debug|Win32.ActiveCfg = Debug|Win32
		{10280745-72D0-4334-8EF6-0157D3F70158}.Debug|Win32.Build.0 = Debug|Win32
		{10280745-72D0-4334-8EF6-0157D3F70158}.Release|Win32.ActiveCfg = Release|Win32
		{10280745-72D0-4334-8EF6-0157D3F70158}.Release|Win32.Build.0 = Release|Win32
		{8B0BAFC0-2D42-408E-9715-1EB78DA71166}.Debug|Win32.ActiveCfg = Debug|Win32
		{8B0BAFC0-2D42-408E-9715-1EB78DA71166}.Debug|Win32.Build.0 = Debug|Win32
		{8B0BAFC0-2D42-408E-9715-1EB78DA71166}.Release|Win32.ActiveCfg = Release|Win32
		{8B0BAFC0-2D42-408E-9715-1EB78DA71166}.Release|Win32.Build.0 = Release|Win32
		{F23F9171-B9FC-40B8-ADC1-D742B18083C5}.Debug|Win32.ActiveCfg = Debug|Win32
		{F23F9171-B9FC-40B8-ADC1-D742B18083C5}.Debug|Win32.Build.0 = Debug|Win32
		{F23F9171-B9FC-40B8-ADC1-D742B18083C5}.Release|Win32.ActiveCfg = Release|Win32
		{F23F9171-B9FC-40B8-ADC1-D742B18083C5}.Release|Win32.Build.0 = Release|Win32
		{777B3F45-C3C6-4F3B-957A-634F2CF8DB6C}.Debug|Win32.ActiveCfg = Debug|Win32
		{777B3F45-C3C6-4F3B-957A-634F2CF8DB6C}.Debug|Win32.Build.0 = Debug|Win32
		{777B3F45-C3C6-4F3B-957A-634F2CF8DB6C}.Release|Win32.ActiveCfg = Release|Win32
		{777B3F45-C3C6-4F3B-957A-634F2CF8DB6C}.Release|Win32.Build.0 = Release|Win32
		{9D48FEF7-EC3C-4938-A6E8-A6EA7002F6FB}.Debug|Win32.ActiveCfg = Debug|Win32
		{9D48FEF7-EC3C-4938-A6E8-A6EA7002F6FB}.Debug|Win32.Build.0 = Debug|Win32
		{9D48FEF7-EC3C-4938-A6E8-A6EA7002F6FB}.Release|Win32.ActiveCfg = Release|Win32
		{9D48FEF7-EC3C-4938-A6E8-A6EA7002F6FB}.Release|Win32.Build.0 = Release|Win32
		{A80C07E0-FC5A-4D2F-A980-2DB3816A11F0}.Debug|Win32.ActiveCfg = Debug|Win32
		{A80C07E0-FC5A-4D2F-A980-2DB3816A11F0}.Debug|Win32.Build.0 = Debug|Win32
		{A80C07E0-FC5A-4D2F-A980-2DB3816A11F0}.Release|Win32.ActiveCfg = Release|Win32
		{A80C07E0-FC5A-4D2F-A980-2DB3816A11F0}.Release|Win32.Build.0 = Release|Win32
		{13486F41-8F83-4916-9092-AB96A4542B1A}.Debug|Win32.ActiveCfg = Debug|Win32
		{13486F41-8F83-4916-9092-AB96A4542B1A}.Debug|Win32.Build.0 = Debug|Win32
		{13486F41-8F83-4916-9092-AB96A4542B1A}.Release|Win32.ActiveCfg = Release|Win32
		{13486F41-8F83-4916-9092-AB96A4542B1A}.Release|Win32.Build.0 = Release|Win32
	EndGlobalSection
	GlobalSection(SolutionProperties) = preSolution
		HideSolutionNode = FALSE
	EndGlobalSection
EndGlobal
