
Microsoft Visual Studio Solution File, Format Version 10.00
# Visual Studio 2008
Project("{8BC9CEB8-8B4A-11D0-8D11-00A0C91BC942}") = "DIBHEADS", "DIBHEADS\DIBHEADS.vcproj", "{AC0C83CA-AE10-48C1-97E0-93EA7C92B2C6}"
EndProject
Project("{8BC9CEB8-8B4A-11D0-8D11-00A0C91BC942}") = "SHOWDIB1", "SHOWDIB1\SHOWDIB1.vcproj", "{7D524954-7B4D-406A-B7A8-E07A80459891}"
EndProject
Project("{8BC9CEB8-8B4A-11D0-8D11-00A0C91BC942}") = "APOLLO11", "APOLLO11\APOLLO11.vcproj", "{91A40AA0-7989-400E-A5A8-2FBF0F7532B4}"
EndProject
Project("{8BC9CEB8-8B4A-11D0-8D11-00A0C91BC942}") = "SEQDISP", "SEQDISP\SEQDISP.vcproj", "{A1E695E5-077A-4ED9-AEAD-31440E1740DC}"
EndProject
Project("{8BC9CEB8-8B4A-11D0-8D11-00A0C91BC942}") = "SHOWDIB2", "SHOWDIB2\SHOWDIB2.vcproj", "{ADDC3F82-F01F-4A66-B99F-E4DF08F2C76B}"
EndProject
Global
	GlobalSection(SolutionConfigurationPlatforms) = preSolution
		Debug|Win32 = Debug|Win32
		Release|Win32 = Release|Win32
	EndGlobalSection
	GlobalSection(ProjectConfigurationPlatforms) = postSolution
		{AC0C83CA-AE10-48C1-97E0-93EA7C92B2C6}.Debug|Win32.ActiveCfg = Debug|Win32
		{AC0C83CA-AE10-48C1-97E0-93EA7C92B2C6}.Debug|Win32.Build.0 = Debug|Win32
		{AC0C83CA-AE10-48C1-97E0-93EA7C92B2C6}.Release|Win32.ActiveCfg = Release|Win32
		{AC0C83CA-AE10-48C1-97E0-93EA7C92B2C6}.Release|Win32.Build.0 = Release|Win32
		{7D524954-7B4D-406A-B7A8-E07A80459891}.Debug|Win32.ActiveCfg = Debug|Win32
		{7D524954-7B4D-406A-B7A8-E07A80459891}.Debug|Win32.Build.0 = Debug|Win32
		{7D524954-7B4D-406A-B7A8-E07A80459891}.Release|Win32.ActiveCfg = Release|Win32
		{7D524954-7B4D-406A-B7A8-E07A80459891}.Release|Win32.Build.0 = Release|Win32
		{91A40AA0-7989-400E-A5A8-2FBF0F7532B4}.Debug|Win32.ActiveCfg = Debug|Win32
		{91A40AA0-7989-400E-A5A8-2FBF0F7532B4}.Debug|Win32.Build.0 = Debug|Win32
		{91A40AA0-7989-400E-A5A8-2FBF0F7532B4}.Release|Win32.ActiveCfg = Release|Win32
		{91A40AA0-7989-400E-A5A8-2FBF0F7532B4}.Release|Win32.Build.0 = Release|Win32
		{A1E695E5-077A-4ED9-AEAD-31440E1740DC}.Debug|Win32.ActiveCfg = Debug|Win32
		{A1E695E5-077A-4ED9-AEAD-31440E1740DC}.Debug|Win32.Build.0 = Debug|Win32
		{A1E695E5-077A-4ED9-AEAD-31440E1740DC}.Release|Win32.ActiveCfg = Release|Win32
		{A1E695E5-077A-4ED9-AEAD-31440E1740DC}.Release|Win32.Build.0 = Release|Win32
		{ADDC3F82-F01F-4A66-B99F-E4DF08F2C76B}.Debug|Win32.ActiveCfg = Debug|Win32
		{ADDC3F82-F01F-4A66-B99F-E4DF08F2C76B}.Debug|Win32.Build.0 = Debug|Win32
		{ADDC3F82-F01F-4A66-B99F-E4DF08F2C76B}.Release|Win32.ActiveCfg = Release|Win32
		{ADDC3F82-F01F-4A66-B99F-E4DF08F2C76B}.Release|Win32.Build.0 = Release|Win32
	EndGlobalSection
	GlobalSection(SolutionProperties) = preSolution
		HideSolutionNode = FALSE
	EndGlobalSection
EndGlobal
