
Microsoft Visual Studio Solution File, Format Version 10.00
# Visual Studio 2008
Project("{8BC9CEB8-8B4A-11D0-8D11-00A0C91BC942}") = "BITBLT", "BITBLT\BITBLT.vcproj", "{03D20EF2-A075-48A8-9D40-B94D3132BF4E}"
EndProject
Project("{8BC9CEB8-8B4A-11D0-8D11-00A0C91BC942}") = "STRETCH", "STRETCH\STRETCH.vcproj", "{7B0FD51F-EF41-4011-86EC-D64477C0ECB3}"
EndProject
Project("{8BC9CEB8-8B4A-11D0-8D11-00A0C91BC942}") = "BRICKS1", "BRICKS1\BRICKS1.vcproj", "{7FC082BF-86E1-4E55-BF2C-4EB841B44949}"
EndProject
Project("{8BC9CEB8-8B4A-11D0-8D11-00A0C91BC942}") = "BRICKS2", "BRICKS2\BRICKS2.vcproj", "{BCB07E8F-292E-4B21-AFE7-DEB1394094B4}"
EndProject
Project("{8BC9CEB8-8B4A-11D0-8D11-00A0C91BC942}") = "BRICKS3", "BRICKS3\BRICKS3.vcproj", "{C15959E2-052D-446F-B60F-7A4BEB3480AF}"
EndProject
Project("{8BC9CEB8-8B4A-11D0-8D11-00A0C91BC942}") = "HELLOBIT", "HELLOBIT\HELLOBIT.vcproj", "{BEFDAD5B-ACF0-4FAC-9FB3-414DB5DA562B}"
EndProject
Project("{8BC9CEB8-8B4A-11D0-8D11-00A0C91BC942}") = "SKETCH", "SKETCH\SKETCH.vcproj", "{4F152C1E-EF82-4102-9CCF-66AFD85B0333}"
EndProject
Project("{8BC9CEB8-8B4A-11D0-8D11-00A0C91BC942}") = "GRAFMENU", "GRAFMENU\GRAFMENU.vcproj", "{836AD0DF-F404-4A64-B749-00BA697BC73B}"
EndProject
Project("{8BC9CEB8-8B4A-11D0-8D11-00A0C91BC942}") = "BITMASK", "BITMASK\BITMASK.vcproj", "{E2594ED2-178C-485F-9930-81FD7C3A7548}"
EndProject
Project("{8BC9CEB8-8B4A-11D0-8D11-00A0C91BC942}") = "BOUNCE", "BOUNCE\BOUNCE.vcproj", "{AED2A954-BDAD-46EC-AE42-ED8D75E805EA}"
EndProject
Project("{8BC9CEB8-8B4A-11D0-8D11-00A0C91BC942}") = "SCRAMBLE", "SCRAMBLE\SCRAMBLE.vcproj", "{650D4D25-FE90-4C11-B3EB-63E358CB65DD}"
EndProject
Global
	GlobalSection(SolutionConfigurationPlatforms) = preSolution
		Debug|Win32 = Debug|Win32
		Release|Win32 = Release|Win32
	EndGlobalSection
	GlobalSection(ProjectConfigurationPlatforms) = postSolution
		{03D20EF2-A075-48A8-9D40-B94D3132BF4E}.Debug|Win32.ActiveCfg = Debug|Win32
		{03D20EF2-A075-48A8-9D40-B94D3132BF4E}.Debug|Win32.Build.0 = Debug|Win32
		{03D20EF2-A075-48A8-9D40-B94D3132BF4E}.Release|Win32.ActiveCfg = Release|Win32
		{03D20EF2-A075-48A8-9D40-B94D3132BF4E}.Release|Win32.Build.0 = Release|Win32
		{7B0FD51F-EF41-4011-86EC-D64477C0ECB3}.Debug|Win32.ActiveCfg = Debug|Win32
		{7B0FD51F-EF41-4011-86EC-D64477C0ECB3}.Debug|Win32.Build.0 = Debug|Win32
		{7B0FD51F-EF41-4011-86EC-D64477C0ECB3}.Release|Win32.ActiveCfg = Release|Win32
		{7B0FD51F-EF41-4011-86EC-D64477C0ECB3}.Release|Win32.Build.0 = Release|Win32
		{7FC082BF-86E1-4E55-BF2C-4EB841B44949}.Debug|Win32.ActiveCfg = Debug|Win32
		{7FC082BF-86E1-4E55-BF2C-4EB841B44949}.Debug|Win32.Build.0 = Debug|Win32
		{7FC082BF-86E1-4E55-BF2C-4EB841B44949}.Release|Win32.ActiveCfg = Release|Win32
		{7FC082BF-86E1-4E55-BF2C-4EB841B44949}.Release|Win32.Build.0 = Release|Win32
		{BCB07E8F-292E-4B21-AFE7-DEB1394094B4}.Debug|Win32.ActiveCfg = Debug|Win32
		{BCB07E8F-292E-4B21-AFE7-DEB1394094B4}.Debug|Win32.Build.0 = Debug|Win32
		{BCB07E8F-292E-4B21-AFE7-DEB1394094B4}.Release|Win32.ActiveCfg = Release|Win32
		{BCB07E8F-292E-4B21-AFE7-DEB1394094B4}.Release|Win32.Build.0 = Release|Win32
		{C15959E2-052D-446F-B60F-7A4BEB3480AF}.Debug|Win32.ActiveCfg = Debug|Win32
		{C15959E2-052D-446F-B60F-7A4BEB3480AF}.Debug|Win32.Build.0 = Debug|Win32
		{C15959E2-052D-446F-B60F-7A4BEB3480AF}.Release|Win32.ActiveCfg = Release|Win32
		{C15959E2-052D-446F-B60F-7A4BEB3480AF}.Release|Win32.Build.0 = Release|Win32
		{BEFDAD5B-ACF0-4FAC-9FB3-414DB5DA562B}.Debug|Win32.ActiveCfg = Debug|Win32
		{BEFDAD5B-ACF0-4FAC-9FB3-414DB5DA562B}.Debug|Win32.Build.0 = Debug|Win32
		{BEFDAD5B-ACF0-4FAC-9FB3-414DB5DA562B}.Release|Win32.ActiveCfg = Release|Win32
		{BEFDAD5B-ACF0-4FAC-9FB3-414DB5DA562B}.Release|Win32.Build.0 = Release|Win32
		{4F152C1E-EF82-4102-9CCF-66AFD85B0333}.Debug|Win32.ActiveCfg = Debug|Win32
		{4F152C1E-EF82-4102-9CCF-66AFD85B0333}.Debug|Win32.Build.0 = Debug|Win32
		{4F152C1E-EF82-4102-9CCF-66AFD85B0333}.Release|Win32.ActiveCfg = Release|Win32
		{4F152C1E-EF82-4102-9CCF-66AFD85B0333}.Release|Win32.Build.0 = Release|Win32
		{836AD0DF-F404-4A64-B749-00BA697BC73B}.Debug|Win32.ActiveCfg = Debug|Win32
		{836AD0DF-F404-4A64-B749-00BA697BC73B}.Debug|Win32.Build.0 = Debug|Win32
		{836AD0DF-F404-4A64-B749-00BA697BC73B}.Release|Win32.ActiveCfg = Release|Win32
		{836AD0DF-F404-4A64-B749-00BA697BC73B}.Release|Win32.Build.0 = Release|Win32
		{E2594ED2-178C-485F-9930-81FD7C3A7548}.Debug|Win32.ActiveCfg = Debug|Win32
		{E2594ED2-178C-485F-9930-81FD7C3A7548}.Debug|Win32.Build.0 = Debug|Win32
		{E2594ED2-178C-485F-9930-81FD7C3A7548}.Release|Win32.ActiveCfg = Release|Win32
		{E2594ED2-178C-485F-9930-81FD7C3A7548}.Release|Win32.Build.0 = Release|Win32
		{AED2A954-BDAD-46EC-AE42-ED8D75E805EA}.Debug|Win32.ActiveCfg = Debug|Win32
		{AED2A954-BDAD-46EC-AE42-ED8D75E805EA}.Debug|Win32.Build.0 = Debug|Win32
		{AED2A954-BDAD-46EC-AE42-ED8D75E805EA}.Release|Win32.ActiveCfg = Release|Win32
		{AED2A954-BDAD-46EC-AE42-ED8D75E805EA}.Release|Win32.Build.0 = Release|Win32
		{650D4D25-FE90-4C11-B3EB-63E358CB65DD}.Debug|Win32.ActiveCfg = Debug|Win32
		{650D4D25-FE90-4C11-B3EB-63E358CB65DD}.Debug|Win32.Build.0 = Debug|Win32
		{650D4D25-FE90-4C11-B3EB-63E358CB65DD}.Release|Win32.ActiveCfg = Release|Win32
		{650D4D25-FE90-4C11-B3EB-63E358CB65DD}.Release|Win32.Build.0 = Release|Win32
	EndGlobalSection
	GlobalSection(SolutionProperties) = preSolution
		HideSolutionNode = FALSE
	EndGlobalSection
EndGlobal
