
Microsoft Visual Studio Solution File, Format Version 10.00
# Visual Studio 2008
Project("{8BC9CEB8-8B4A-11D0-8D11-00A0C91BC942}") = "BEEPER1", "Chapter 8\Chapter 8.vcproj", "{59BA4ECE-9284-4D4B-B04E-445E5D0973D9}"
EndProject
Project("{8BC9CEB8-8B4A-11D0-8D11-00A0C91BC942}") = "BEEPER2", "BEEPER2\BEEPER2.vcproj", "{2132DCEE-C4A0-4934-8A28-1C445C2A1A8C}"
EndProject
Project("{8BC9CEB8-8B4A-11D0-8D11-00A0C91BC942}") = "DIGCLOCK", "DIGCLOCK\DIGCLOCK.vcproj", "{9B9CD49E-A325-439C-86B3-94809D8BD2BB}"
EndProject
Project("{8BC9CEB8-8B4A-11D0-8D11-00A0C91BC942}") = "CLOCK", "CLOCK\CLOCK.vcproj", "{2D1D1D1B-C49D-4569-BD75-7EB6AD1D639B}"
EndProject
Project("{8BC9CEB8-8B4A-11D0-8D11-00A0C91BC942}") = "WHATCLR", "WHATCLR\WHATCLR.vcproj", "{8F8920A4-7E4B-45F2-9601-73E79C456BB2}"
EndProject
Global
	GlobalSection(SolutionConfigurationPlatforms) = preSolution
		Debug|Win32 = Debug|Win32
		Release|Win32 = Release|Win32
	EndGlobalSection
	GlobalSection(ProjectConfigurationPlatforms) = postSolution
		{59BA4ECE-9284-4D4B-B04E-445E5D0973D9}.Debug|Win32.ActiveCfg = Debug|Win32
		{59BA4ECE-9284-4D4B-B04E-445E5D0973D9}.Debug|Win32.Build.0 = Debug|Win32
		{59BA4ECE-9284-4D4B-B04E-445E5D0973D9}.Release|Win32.ActiveCfg = Release|Win32
		{59BA4ECE-9284-4D4B-B04E-445E5D0973D9}.Release|Win32.Build.0 = Release|Win32
		{2132DCEE-C4A0-4934-8A28-1C445C2A1A8C}.Debug|Win32.ActiveCfg = Debug|Win32
		{2132DCEE-C4A0-4934-8A28-1C445C2A1A8C}.Debug|Win32.Build.0 = Debug|Win32
		{2132DCEE-C4A0-4934-8A28-1C445C2A1A8C}.Release|Win32.ActiveCfg = Release|Win32
		{2132DCEE-C4A0-4934-8A28-1C445C2A1A8C}.Release|Win32.Build.0 = Release|Win32
		{9B9CD49E-A325-439C-86B3-94809D8BD2BB}.Debug|Win32.ActiveCfg = Debug|Win32
		{9B9CD49E-A325-439C-86B3-94809D8BD2BB}.Debug|Win32.Build.0 = Debug|Win32
		{9B9CD49E-A325-439C-86B3-94809D8BD2BB}.Release|Win32.ActiveCfg = Release|Win32
		{9B9CD49E-A325-439C-86B3-94809D8BD2BB}.Release|Win32.Build.0 = Release|Win32
		{2D1D1D1B-C49D-4569-BD75-7EB6AD1D639B}.Debug|Win32.ActiveCfg = Debug|Win32
		{2D1D1D1B-C49D-4569-BD75-7EB6AD1D639B}.Debug|Win32.Build.0 = Debug|Win32
		{2D1D1D1B-C49D-4569-BD75-7EB6AD1D639B}.Release|Win32.ActiveCfg = Release|Win32
		{2D1D1D1B-C49D-4569-BD75-7EB6AD1D639B}.Release|Win32.Build.0 = Release|Win32
		{8F8920A4-7E4B-45F2-9601-73E79C456BB2}.Debug|Win32.ActiveCfg = Debug|Win32
		{8F8920A4-7E4B-45F2-9601-73E79C456BB2}.Debug|Win32.Build.0 = Debug|Win32
		{8F8920A4-7E4B-45F2-9601-73E79C456BB2}.Release|Win32.ActiveCfg = Release|Win32
		{8F8920A4-7E4B-45F2-9601-73E79C456BB2}.Release|Win32.Build.0 = Release|Win32
	EndGlobalSection
	GlobalSection(SolutionProperties) = preSolution
		HideSolutionNode = FALSE
	EndGlobalSection
EndGlobal
