
Microsoft Visual Studio Solution File, Format Version 10.00
# Visual Studio 2008
Project("{8BC9CEB8-8B4A-11D0-8D11-00A0C91BC942}") = "MetaFile", "MetaFile\MetaFile.vcproj", "{543B51A2-9174-4257-BB2B-E3C0809B84BD}"
EndProject
Project("{8BC9CEB8-8B4A-11D0-8D11-00A0C91BC942}") = "EMF1", "EMF1\EMF1.vcproj", "{10AB20A9-DCBC-405C-8387-880841A1587F}"
EndProject
Project("{8BC9CEB8-8B4A-11D0-8D11-00A0C91BC942}") = "EMF2", "EMF2\EMF2.vcproj", "{C52623A4-B559-4D21-94FF-DC93561A78E2}"
EndProject
Project("{8BC9CEB8-8B4A-11D0-8D11-00A0C91BC942}") = "EMF3", "EMF3\EMF3.vcproj", "{018A4E37-0F11-420C-9093-5E217CE4D16F}"
EndProject
Project("{8BC9CEB8-8B4A-11D0-8D11-00A0C91BC942}") = "EMF4", "EMF4\EMF4.vcproj", "{15814E36-D074-428C-B625-349E471F3092}"
EndProject
Project("{8BC9CEB8-8B4A-11D0-8D11-00A0C91BC942}") = "EMF5", "EMF5\EMF5.vcproj", "{0F7A12D1-CDB8-4F7A-BD29-664E5142AD04}"
EndProject
Project("{8BC9CEB8-8B4A-11D0-8D11-00A0C91BC942}") = "EMF6", "EMF6\EMF6.vcproj", "{16C4556D-42E4-4AAE-8426-8F0E534467A5}"
EndProject
Project("{8BC9CEB8-8B4A-11D0-8D11-00A0C91BC942}") = "EMF7", "EMF7\EMF7.vcproj", "{08516213-F467-4130-BB25-0B93532002DF}"
EndProject
Project("{8BC9CEB8-8B4A-11D0-8D11-00A0C91BC942}") = "EMFVIEW", "EMFVIEW\EMFVIEW.vcproj", "{6903554C-A23D-4341-A5B5-222FC162A02C}"
EndProject
Global
	GlobalSection(SolutionConfigurationPlatforms) = preSolution
		Debug|Win32 = Debug|Win32
		Release|Win32 = Release|Win32
	EndGlobalSection
	GlobalSection(ProjectConfigurationPlatforms) = postSolution
		{543B51A2-9174-4257-BB2B-E3C0809B84BD}.Debug|Win32.ActiveCfg = Debug|Win32
		{543B51A2-9174-4257-BB2B-E3C0809B84BD}.Debug|Win32.Build.0 = Debug|Win32
		{543B51A2-9174-4257-BB2B-E3C0809B84BD}.Release|Win32.ActiveCfg = Release|Win32
		{543B51A2-9174-4257-BB2B-E3C0809B84BD}.Release|Win32.Build.0 = Release|Win32
		{10AB20A9-DCBC-405C-8387-880841A1587F}.Debug|Win32.ActiveCfg = Debug|Win32
		{10AB20A9-DCBC-405C-8387-880841A1587F}.Debug|Win32.Build.0 = Debug|Win32
		{10AB20A9-DCBC-405C-8387-880841A1587F}.Release|Win32.ActiveCfg = Release|Win32
		{10AB20A9-DCBC-405C-8387-880841A1587F}.Release|Win32.Build.0 = Release|Win32
		{C52623A4-B559-4D21-94FF-DC93561A78E2}.Debug|Win32.ActiveCfg = Debug|Win32
		{C52623A4-B559-4D21-94FF-DC93561A78E2}.Debug|Win32.Build.0 = Debug|Win32
		{C52623A4-B559-4D21-94FF-DC93561A78E2}.Release|Win32.ActiveCfg = Release|Win32
		{C52623A4-B559-4D21-94FF-DC93561A78E2}.Release|Win32.Build.0 = Release|Win32
		{018A4E37-0F11-420C-9093-5E217CE4D16F}.Debug|Win32.ActiveCfg = Debug|Win32
		{018A4E37-0F11-420C-9093-5E217CE4D16F}.Debug|Win32.Build.0 = Debug|Win32
		{018A4E37-0F11-420C-9093-5E217CE4D16F}.Release|Win32.ActiveCfg = Release|Win32
		{018A4E37-0F11-420C-9093-5E217CE4D16F}.Release|Win32.Build.0 = Release|Win32
		{15814E36-D074-428C-B625-349E471F3092}.Debug|Win32.ActiveCfg = Debug|Win32
		{15814E36-D074-428C-B625-349E471F3092}.Debug|Win32.Build.0 = Debug|Win32
		{15814E36-D074-428C-B625-349E471F3092}.Release|Win32.ActiveCfg = Release|Win32
		{15814E36-D074-428C-B625-349E471F3092}.Release|Win32.Build.0 = Release|Win32
		{0F7A12D1-CDB8-4F7A-BD29-664E5142AD04}.Debug|Win32.ActiveCfg = Debug|Win32
		{0F7A12D1-CDB8-4F7A-BD29-664E5142AD04}.Debug|Win32.Build.0 = Debug|Win32
		{0F7A12D1-CDB8-4F7A-BD29-664E5142AD04}.Release|Win32.ActiveCfg = Release|Win32
		{0F7A12D1-CDB8-4F7A-BD29-664E5142AD04}.Release|Win32.Build.0 = Release|Win32
		{16C4556D-42E4-4AAE-8426-8F0E534467A5}.Debug|Win32.ActiveCfg = Debug|Win32
		{16C4556D-42E4-4AAE-8426-8F0E534467A5}.Debug|Win32.Build.0 = Debug|Win32
		{16C4556D-42E4-4AAE-8426-8F0E534467A5}.Release|Win32.ActiveCfg = Release|Win32
		{16C4556D-42E4-4AAE-8426-8F0E534467A5}.Release|Win32.Build.0 = Release|Win32
		{08516213-F467-4130-BB25-0B93532002DF}.Debug|Win32.ActiveCfg = Debug|Win32
		{08516213-F467-4130-BB25-0B93532002DF}.Debug|Win32.Build.0 = Debug|Win32
		{08516213-F467-4130-BB25-0B93532002DF}.Release|Win32.ActiveCfg = Release|Win32
		{08516213-F467-4130-BB25-0B93532002DF}.Release|Win32.Build.0 = Release|Win32
		{6903554C-A23D-4341-A5B5-222FC162A02C}.Debug|Win32.ActiveCfg = Debug|Win32
		{6903554C-A23D-4341-A5B5-222FC162A02C}.Debug|Win32.Build.0 = Debug|Win32
		{6903554C-A23D-4341-A5B5-222FC162A02C}.Release|Win32.ActiveCfg = Release|Win32
		{6903554C-A23D-4341-A5B5-222FC162A02C}.Release|Win32.Build.0 = Release|Win32
	EndGlobalSection
	GlobalSection(SolutionProperties) = preSolution
		HideSolutionNode = FALSE
	EndGlobalSection
EndGlobal
