
Microsoft Visual Studio Solution File, Format Version 10.00
# Visual Studio 2008
Project("{8BC9CEB8-8B4A-11D0-8D11-00A0C91BC942}") = "TESTMCI", "TESTMCI\TESTMCI.vcproj", "{55F751B1-9770-4DED-8B32-A6C9599F8FF6}"
EndProject
Project("{8BC9CEB8-8B4A-11D0-8D11-00A0C91BC942}") = "SINEWAVE", "SINEWAVE\SINEWAVE.vcproj", "{E75A3398-479F-4AAC-8B6D-42C9A9331623}"
EndProject
Project("{8BC9CEB8-8B4A-11D0-8D11-00A0C91BC942}") = "RECORD1", "RECORD1\RECORD1.vcproj", "{DC9FC5AF-AB88-4865-BCBB-89A5C684635F}"
EndProject
Project("{8BC9CEB8-8B4A-11D0-8D11-00A0C91BC942}") = "RECORD2", "RECORD2\RECORD2.vcproj", "{7D2A3BB6-9B1B-4C53-8F4E-2AF8A7D52075}"
EndProject
Global
	GlobalSection(SolutionConfigurationPlatforms) = preSolution
		Debug|Win32 = Debug|Win32
		Release|Win32 = Release|Win32
	EndGlobalSection
	GlobalSection(ProjectConfigurationPlatforms) = postSolution
		{55F751B1-9770-4DED-8B32-A6C9599F8FF6}.Debug|Win32.ActiveCfg = Debug|Win32
		{55F751B1-9770-4DED-8B32-A6C9599F8FF6}.Debug|Win32.Build.0 = Debug|Win32
		{55F751B1-9770-4DED-8B32-A6C9599F8FF6}.Release|Win32.ActiveCfg = Release|Win32
		{55F751B1-9770-4DED-8B32-A6C9599F8FF6}.Release|Win32.Build.0 = Release|Win32
		{E75A3398-479F-4AAC-8B6D-42C9A9331623}.Debug|Win32.ActiveCfg = Debug|Win32
		{E75A3398-479F-4AAC-8B6D-42C9A9331623}.Debug|Win32.Build.0 = Debug|Win32
		{E75A3398-479F-4AAC-8B6D-42C9A9331623}.Release|Win32.ActiveCfg = Release|Win32
		{E75A3398-479F-4AAC-8B6D-42C9A9331623}.Release|Win32.Build.0 = Release|Win32
		{DC9FC5AF-AB88-4865-BCBB-89A5C684635F}.Debug|Win32.ActiveCfg = Debug|Win32
		{DC9FC5AF-AB88-4865-BCBB-89A5C684635F}.Debug|Win32.Build.0 = Debug|Win32
		{DC9FC5AF-AB88-4865-BCBB-89A5C684635F}.Release|Win32.ActiveCfg = Release|Win32
		{DC9FC5AF-AB88-4865-BCBB-89A5C684635F}.Release|Win32.Build.0 = Release|Win32
		{7D2A3BB6-9B1B-4C53-8F4E-2AF8A7D52075}.Debug|Win32.ActiveCfg = Debug|Win32
		{7D2A3BB6-9B1B-4C53-8F4E-2AF8A7D52075}.Debug|Win32.Build.0 = Debug|Win32
		{7D2A3BB6-9B1B-4C53-8F4E-2AF8A7D52075}.Release|Win32.ActiveCfg = Release|Win32
		{7D2A3BB6-9B1B-4C53-8F4E-2AF8A7D52075}.Release|Win32.Build.0 = Release|Win32
	EndGlobalSection
	GlobalSection(SolutionProperties) = preSolution
		HideSolutionNode = FALSE
	EndGlobalSection
EndGlobal
