
Microsoft Visual Studio Solution File, Format Version 10.00
# Visual Studio 2008
Project("{8BC9CEB8-8B4A-11D0-8D11-00A0C91BC942}") = "Chapter 6", "Chapter 6.vcproj", "{03C3FDF1-8327-4A58-9BBD-996E72485EEB}"
EndProject
Global
	GlobalSection(SolutionConfigurationPlatforms) = preSolution
		Debug|Win32 = Debug|Win32
		Release|Win32 = Release|Win32
	EndGlobalSection
	GlobalSection(ProjectConfigurationPlatforms) = postSolution
		{03C3FDF1-8327-4A58-9BBD-996E72485EEB}.Debug|Win32.ActiveCfg = Debug|Win32
		{03C3FDF1-8327-4A58-9BBD-996E72485EEB}.Debug|Win32.Build.0 = Debug|Win32
		{03C3FDF1-8327-4A58-9BBD-996E72485EEB}.Release|Win32.ActiveCfg = Release|Win32
		{03C3FDF1-8327-4A58-9BBD-996E72485EEB}.Release|Win32.Build.0 = Release|Win32
	EndGlobalSection
	GlobalSection(SolutionProperties) = preSolution
		HideSolutionNode = FALSE
	EndGlobalSection
EndGlobal
